
Microsoft Visual Studio Solution File, Format Version 12.00
# Visual Studio Version 17
VisualStudioVersion = 17.5.33414.496
MinimumVisualStudioVersion = 10.0.40219.1
Project("{FAE04EC0-301F-11D3-BF4B-00C04F79EFBC}") = "StoreSystem", "StoreSystem\StoreSystem.csproj", "{68CE7C96-1C2D-4216-8DD1-ABC6A538B02E}"
EndProject
Global
	GlobalSection(SolutionConfigurationPlatforms) = preSolution
		Debug|Any CPU = Debug|Any CPU
		Release|Any CPU = Release|Any CPU
	EndGlobalSection
	GlobalSection(ProjectConfigurationPlatforms) = postSolution
		{68CE7C96-1C2D-4216-8DD1-ABC6A538B02E}.Debug|Any CPU.ActiveCfg = Debug|Any CPU
		{68CE7C96-1C2D-4216-8DD1-ABC6A538B02E}.Debug|Any CPU.Build.0 = Debug|Any CPU
		{68CE7C96-1C2D-4216-8DD1-ABC6A538B02E}.Release|Any CPU.ActiveCfg = Release|Any CPU
		{68CE7C96-1C2D-4216-8DD1-ABC6A538B02E}.Release|Any CPU.Build.0 = Release|Any CPU
	EndGlobalSection
	GlobalSection(SolutionProperties) = preSolution
		HideSolutionNode = FALSE
	EndGlobalSection
	GlobalSection(ExtensibilityGlobals) = postSolution
		SolutionGuid = {5BAD9F52-3E05-4288-9005-6D9F43295EEF}
	EndGlobalSection
EndGlobal
